github.com/golang/glog v1.2.5 h1:DrW6hGnjIhtvhOIiAKT6Psh/Kd/ldepEa81DKeiRJ5I=
github.com/golang/glog v1.2.5/go.mod h1:6AhwSGph0fcJtXVM/PEHPqZlFeoLxhs7/t5UDAwmO+w=
github.com/planetscale/vtprotobuf v0.6.1-0.20250313105119-ba97887b0a25 h1:S1hI5JiKP7883xBzZAr1ydcxrKNSVNm7+3+JwjxZEsg=
github.com/planetscale/vtprotobuf v0.6.1-0.20250313105119-ba97887b0a25/go.mod h1:ZQntvDG8TkPgljxtA0R9frDoND4QORU1VXz015N5Ks4=
github.com/spf13/pflag v1.0.10 h1:4EBh2KAYBwaONj6b2Ye1GiHfwjqyROoF4RwYO+vPwFk=
github.com/spf13/pflag v1.0.10/go.mod h1:McXfInJRrz4CZXVZOBLb0bTZqETkiAhM9Iw0y3An2Bg=
go.etcd.io/bbolt v1.4.0 h1:TU77id3TnN/zKr7CO/uk+fBCwF2jGcMuw2B/FMAzYIk=
go.etcd.io/bbolt v1.4.0/go.mod h1:AsD+OCi/qPN1giOX1aiLAha3o1U8rAz65bvN4j0sRuk=
golang.org/x/sys v0.29.0 h1:TPYlXGxvx1MGTn2GiZDhnjPA9wZzZeGKHHmKhHYvgaU=
golang.org/x/sys v0.29.0/go.mod h1:/VUhepiaJMQUp4+oa/7Zr1D23ma6VTLIYjOOTFZPUcA=
golang.org/x/sys v0.38.0 h1:3yZWxaJjBmCWXqhN1qh02AkOnCQ1poK6oF+a7xWL6Gc=
golang.org/x/sys v0.38.0/go.mod h1:OgkHotnGiDImocRcuBABYBEXf8A9a87e/uXjp9XT3ks=
google.golang.org/genproto v0.0.0-20250929231259-57b25ae835d4 h1:HmI33/XNQ1jVwhb5ZUgot40oiwFHa2l5ZNkQpj8VaEg=
google.golang.org/genproto/googleapis/rpc v0.0.0-20250929231259-57b25ae835d4 h1:i8QOKZfYg6AbGVZzUAY3LrNWCKF8O6zFisU9Wl9RER4=
google.golang.org/genproto/googleapis/rpc v0.0.0-20250929231259-57b25ae835d4/go.mod h1:HSkG/KdJWusxU1F6CNrwNDjBMgisKxGnc5dAZfT0mjQ=
google.golang.org/grpc v1.75.1 h1:/ODCNEuf9VghjgO3rqLcfg8fiOP0nSluljWFlDxELLI=
google.golang.org/grpc v1.75.1/go.mod h1:JtPAzKiq4v1xcAB2hydNlWI2RnF85XXcV0mhKXr2ecQ=
google.golang.org/protobuf v1.36.9 h1:w2gp2mA27hUeUzj9Ex9FBjsBm40zfaDtEWow293U7Iw=
google.golang.org/protobuf v1.36.9/go.mod h1:fuxRtAxBytpl4zzqUh6/eyUujkJdNiuEkXntxiD/uRU=
vitess.io/vitess v0.23.3 h1:zvZFEG6/3IvmDmXlFlqs7353tNYDTjhlriMMSHGz1vs=
vitess.io/vitess v0.23.3/go.mod h1:Q6qWoQw3mAEBOMg0Hn28sb5EWi7pRJ9885zrVtU6MGM=
